
Microsoft Visual Studio Solution File, Format Version 12.00
# Visual Studio 15
VisualStudioVersion = 15.0.27703.2042
MinimumVisualStudioVersion = 10.0.40219.1
Project("{FAE04EC0-301F-11D3-BF4B-00C04F79EFBC}") = "dngit", "dngit\dngit.csproj", "{CD7BDBF4-FB21-484B-86CC-423621830D19}"
EndProject
Project("{FAE04EC0-301F-11D3-BF4B-00C04F79EFBC}") = "dngit.Core", "dngit.Core\dngit.Core.csproj", "{0BDC6877-13D9-4D8B-B0A3-8F1B77E7C457}"
EndProject
Project("{FAE04EC0-301F-11D3-BF4B-00C04F79EFBC}") = "dngit.Data", "dngit.Data\dngit.Data.csproj", "{5F7776FA-C7A6-4917-9845-4371371EB1F1}"
EndProject
Global
	GlobalSection(SolutionConfigurationPlatforms) = preSolution
		Debug|Any CPU = Debug|Any CPU
		Release|Any CPU = Release|Any CPU
	EndGlobalSection
	GlobalSection(ProjectConfigurationPlatforms) = postSolution
		{CD7BDBF4-FB21-484B-86CC-423621830D19}.Debug|Any CPU.ActiveCfg = Debug|Any CPU
		{CD7BDBF4-FB21-484B-86CC-423621830D19}.Debug|Any CPU.Build.0 = Debug|Any CPU
		{CD7BDBF4-FB21-484B-86CC-423621830D19}.Release|Any CPU.ActiveCfg = Release|Any CPU
		{CD7BDBF4-FB21-484B-86CC-423621830D19}.Release|Any CPU.Build.0 = Release|Any CPU
		{0BDC6877-13D9-4D8B-B0A3-8F1B77E7C457}.Debug|Any CPU.ActiveCfg = Debug|Any CPU
		{0BDC6877-13D9-4D8B-B0A3-8F1B77E7C457}.Debug|Any CPU.Build.0 = Debug|Any CPU
		{0BDC6877-13D9-4D8B-B0A3-8F1B77E7C457}.Release|Any CPU.ActiveCfg = Release|Any CPU
		{0BDC6877-13D9-4D8B-B0A3-8F1B77E7C457}.Release|Any CPU.Build.0 = Release|Any CPU
		{5F7776FA-C7A6-4917-9845-4371371EB1F1}.Debug|Any CPU.ActiveCfg = Debug|Any CPU
		{5F7776FA-C7A6-4917-9845-4371371EB1F1}.Debug|Any CPU.Build.0 = Debug|Any CPU
		{5F7776FA-C7A6-4917-9845-4371371EB1F1}.Release|Any CPU.ActiveCfg = Release|Any CPU
		{5F7776FA-C7A6-4917-9845-4371371EB1F1}.Release|Any CPU.Build.0 = Release|Any CPU
	EndGlobalSection
	GlobalSection(SolutionProperties) = preSolution
		HideSolutionNode = FALSE
	EndGlobalSection
	GlobalSection(ExtensibilityGlobals) = postSolution
		SolutionGuid = {22546337-98AE-41E0-8992-849A594360DB}
	EndGlobalSection
EndGlobal
